{
  "name": "everquest",
  "version": "1.0.0",
  "lockfileVersion": 1,
  "requires": true,
  "dependencies": {
    "color-name-list": {
      "version": "6.4.0",
      "resolved": "https://registry.npmjs.org/color-name-list/-/color-name-list-6.4.0.tgz",
      "integrity": "sha512-MbtSdxnm6Ku76/N20Dy63WkCXJcMCmnqJLJJr2fFdxnezDCEQ7vPqARkr1RaH9hLUgHmn0io06lPgYVTbF3OFw=="
    },
    "node-fetch": {
      "version": "2.6.0",
      "resolved": "https://registry.npmjs.org/node-fetch/-/node-fetch-2.6.0.tgz",
      "integrity": "sha512-8dG4H5ujfvFiqDmVu9fQ5bOHUC15JMjMY/Zumv26oOvvVJjM67KF8koCWIabKQ1GJIa9r2mMZscBq/TbdOcmNA=="
    },
    "tail": {
      "version": "2.0.4",
      "resolved": "https://registry.npmjs.org/tail/-/tail-2.0.4.tgz",
      "integrity": "sha512-xHkZdNWIzO++g+V/rHGqVoHd2LRxz+8t8bj6FGelfb8FHBjg5yjkX7Su/8sQSBo5alIspYkRp/fU0A2SM5h+5A=="
    }
  }
}
